<Solution>
  <Configurations>
    <Platform Name="ARM" />
    <Platform Name="ARM64" />
    <Platform Name="x64" />
    <Platform Name="x86" />
  </Configurations>
  <Project Path="Teleproxy/Teleproxy.vcxproj" Id="3297c62a-f066-40ae-940e-975f232755bd">
    <Platform Solution="*|x86" Project="x86" />
    <Deploy />
  </Project>
</Solution>
